
Microsoft Visual Studio Solution File, Format Version 12.00
# Visual Studio Version 16
VisualStudioVersion = 16.0.29215.179
MinimumVisualStudioVersion = 10.0.40219.1
Project("{FAE04EC0-301F-11D3-BF4B-00C04F79EFBC}") = "FinancialChat", "FinancialChat\FinancialChat.csproj", "{C0B278B3-2385-4F65-9C50-26CD681C592A}"
EndProject
Project("{FAE04EC0-301F-11D3-BF4B-00C04F79EFBC}") = "FinancialChat.Tests", "FinancialChat.Tests\FinancialChat.Tests.csproj", "{E1D19039-EA42-4951-A094-A3F2FDF16C84}"
EndProject
Project("{930C7802-8A8C-48F9-8165-68863BCCD9DD}") = "WenAppMM", "WenAppMM\WenAppMM.wixproj", "{6D90DE78-2D5D-4B3F-BF6F-C773D8FB0CED}"
EndProject
Project("{930C7802-8A8C-48F9-8165-68863BCCD9DD}") = "WenApp", "WenApp\WenApp.wixproj", "{68BD776D-BD0C-44DB-8240-8FB8EF26F23F}"
EndProject
Project("{2150E333-8FDC-42A3-9474-1A3956D46DE8}") = "FinancialChat.Installer", "FinancialChat.Installer", "{D415DE43-E65B-4C60-96E6-B5A35C4D53A4}"
EndProject
Global
	GlobalSection(SolutionConfigurationPlatforms) = preSolution
		Debug|Any CPU = Debug|Any CPU
		Debug|x86 = Debug|x86
		Release|Any CPU = Release|Any CPU
		Release|x86 = Release|x86
	EndGlobalSection
	GlobalSection(ProjectConfigurationPlatforms) = postSolution
		{C0B278B3-2385-4F65-9C50-26CD681C592A}.Debug|Any CPU.ActiveCfg = Debug|Any CPU
		{C0B278B3-2385-4F65-9C50-26CD681C592A}.Debug|Any CPU.Build.0 = Debug|Any CPU
		{C0B278B3-2385-4F65-9C50-26CD681C592A}.Debug|x86.ActiveCfg = Debug|Any CPU
		{C0B278B3-2385-4F65-9C50-26CD681C592A}.Debug|x86.Build.0 = Debug|Any CPU
		{C0B278B3-2385-4F65-9C50-26CD681C592A}.Release|Any CPU.ActiveCfg = Release|Any CPU
		{C0B278B3-2385-4F65-9C50-26CD681C592A}.Release|Any CPU.Build.0 = Release|Any CPU
		{C0B278B3-2385-4F65-9C50-26CD681C592A}.Release|x86.ActiveCfg = Release|Any CPU
		{C0B278B3-2385-4F65-9C50-26CD681C592A}.Release|x86.Build.0 = Release|Any CPU
		{E1D19039-EA42-4951-A094-A3F2FDF16C84}.Debug|Any CPU.ActiveCfg = Debug|Any CPU
		{E1D19039-EA42-4951-A094-A3F2FDF16C84}.Debug|Any CPU.Build.0 = Debug|Any CPU
		{E1D19039-EA42-4951-A094-A3F2FDF16C84}.Debug|x86.ActiveCfg = Debug|Any CPU
		{E1D19039-EA42-4951-A094-A3F2FDF16C84}.Debug|x86.Build.0 = Debug|Any CPU
		{E1D19039-EA42-4951-A094-A3F2FDF16C84}.Release|Any CPU.ActiveCfg = Release|Any CPU
		{E1D19039-EA42-4951-A094-A3F2FDF16C84}.Release|Any CPU.Build.0 = Release|Any CPU
		{E1D19039-EA42-4951-A094-A3F2FDF16C84}.Release|x86.ActiveCfg = Release|Any CPU
		{E1D19039-EA42-4951-A094-A3F2FDF16C84}.Release|x86.Build.0 = Release|Any CPU
		{6D90DE78-2D5D-4B3F-BF6F-C773D8FB0CED}.Debug|Any CPU.ActiveCfg = Debug|x86
		{6D90DE78-2D5D-4B3F-BF6F-C773D8FB0CED}.Debug|x86.ActiveCfg = Debug|x86
		{6D90DE78-2D5D-4B3F-BF6F-C773D8FB0CED}.Debug|x86.Build.0 = Debug|x86
		{6D90DE78-2D5D-4B3F-BF6F-C773D8FB0CED}.Release|Any CPU.ActiveCfg = Release|x86
		{6D90DE78-2D5D-4B3F-BF6F-C773D8FB0CED}.Release|x86.ActiveCfg = Release|x86
		{6D90DE78-2D5D-4B3F-BF6F-C773D8FB0CED}.Release|x86.Build.0 = Release|x86
		{68BD776D-BD0C-44DB-8240-8FB8EF26F23F}.Debug|Any CPU.ActiveCfg = Debug|x86
		{68BD776D-BD0C-44DB-8240-8FB8EF26F23F}.Debug|x86.ActiveCfg = Debug|x86
		{68BD776D-BD0C-44DB-8240-8FB8EF26F23F}.Debug|x86.Build.0 = Debug|x86
		{68BD776D-BD0C-44DB-8240-8FB8EF26F23F}.Release|Any CPU.ActiveCfg = Release|x86
		{68BD776D-BD0C-44DB-8240-8FB8EF26F23F}.Release|x86.ActiveCfg = Release|x86
		{68BD776D-BD0C-44DB-8240-8FB8EF26F23F}.Release|x86.Build.0 = Release|x86
	EndGlobalSection
	GlobalSection(SolutionProperties) = preSolution
		HideSolutionNode = FALSE
	EndGlobalSection
	GlobalSection(NestedProjects) = preSolution
		{6D90DE78-2D5D-4B3F-BF6F-C773D8FB0CED} = {D415DE43-E65B-4C60-96E6-B5A35C4D53A4}
		{68BD776D-BD0C-44DB-8240-8FB8EF26F23F} = {D415DE43-E65B-4C60-96E6-B5A35C4D53A4}
	EndGlobalSection
	GlobalSection(ExtensibilityGlobals) = postSolution
		SolutionGuid = {6B88A47B-B0F3-4D39-A6F9-A16F1D6F74BB}
	EndGlobalSection
EndGlobal
